
Microsoft Visual Studio Solution File, Format Version 12.00
# Visual Studio Version 16
VisualStudioVersion = 16.0.29613.14
MinimumVisualStudioVersion = 10.0.40219.1
Project("{FAE04EC0-301F-11D3-BF4B-00C04F79EFBC}") = "zad2", "zad2\zad2.csproj", "{BE612D41-F430-46D3-A6B9-F6E8EFBD6C48}"
EndProject
Global
	GlobalSection(SolutionConfigurationPlatforms) = preSolution
		Debug|Any CPU = Debug|Any CPU
		Release|Any CPU = Release|Any CPU
	EndGlobalSection
	GlobalSection(ProjectConfigurationPlatforms) = postSolution
		{BE612D41-F430-46D3-A6B9-F6E8EFBD6C48}.Debug|Any CPU.ActiveCfg = Debug|Any CPU
		{BE612D41-F430-46D3-A6B9-F6E8EFBD6C48}.Debug|Any CPU.Build.0 = Debug|Any CPU
		{BE612D41-F430-46D3-A6B9-F6E8EFBD6C48}.Release|Any CPU.ActiveCfg = Release|Any CPU
		{BE612D41-F430-46D3-A6B9-F6E8EFBD6C48}.Release|Any CPU.Build.0 = Release|Any CPU
	EndGlobalSection
	GlobalSection(SolutionProperties) = preSolution
		HideSolutionNode = FALSE
	EndGlobalSection
	GlobalSection(ExtensibilityGlobals) = postSolution
		SolutionGuid = {6489EE70-3DFF-4664-B137-6D41C2AC0F78}
	EndGlobalSection
EndGlobal
