
Microsoft Visual Studio Solution File, Format Version 12.00
# Visual Studio 15
Project("{FAE04EC0-301F-11D3-BF4B-00C04F79EFBC}") = "zad5", "zad5\zad5.csproj", "{40F99C2C-0893-46CB-B5CB-ACCC991BA173}"
EndProject
Global
	GlobalSection(SolutionConfigurationPlatforms) = preSolution
		Debug|Any CPU = Debug|Any CPU
		Release|Any CPU = Release|Any CPU
	EndGlobalSection
	GlobalSection(ProjectConfigurationPlatforms) = postSolution
		{40F99C2C-0893-46CB-B5CB-ACCC991BA173}.Debug|Any CPU.ActiveCfg = Debug|Any CPU
		{40F99C2C-0893-46CB-B5CB-ACCC991BA173}.Debug|Any CPU.Build.0 = Debug|Any CPU
		{40F99C2C-0893-46CB-B5CB-ACCC991BA173}.Release|Any CPU.ActiveCfg = Release|Any CPU
		{40F99C2C-0893-46CB-B5CB-ACCC991BA173}.Release|Any CPU.Build.0 = Release|Any CPU
	EndGlobalSection
EndGlobal
